
Microsoft Visual Studio Solution File, Format Version 12.00
# Visual Studio Version 17
VisualStudioVersion = 17.2.32630.192
MinimumVisualStudioVersion = 10.0.40219.1
Project("{FAE04EC0-301F-11D3-BF4B-00C04F79EFBC}") = "Cholo_Sikhi", "Cholo_Sikhi\Cholo_Sikhi.csproj", "{2EDD04AB-8BB9-4D43-AC78-6DB82577BF65}"
EndProject
Global
	GlobalSection(SolutionConfigurationPlatforms) = preSolution
		Debug|Any CPU = Debug|Any CPU
		Release|Any CPU = Release|Any CPU
	EndGlobalSection
	GlobalSection(ProjectConfigurationPlatforms) = postSolution
		{2EDD04AB-8BB9-4D43-AC78-6DB82577BF65}.Debug|Any CPU.ActiveCfg = Debug|Any CPU
		{2EDD04AB-8BB9-4D43-AC78-6DB82577BF65}.Debug|Any CPU.Build.0 = Debug|Any CPU
		{2EDD04AB-8BB9-4D43-AC78-6DB82577BF65}.Release|Any CPU.ActiveCfg = Release|Any CPU
		{2EDD04AB-8BB9-4D43-AC78-6DB82577BF65}.Release|Any CPU.Build.0 = Release|Any CPU
	EndGlobalSection
	GlobalSection(SolutionProperties) = preSolution
		HideSolutionNode = FALSE
	EndGlobalSection
	GlobalSection(ExtensibilityGlobals) = postSolution
		SolutionGuid = {12F286E9-3F55-4A15-9600-43CE3BB5ABFB}
	EndGlobalSection
EndGlobal
